// !$*UTF8*$!
{
	archiveVersion = 1;
	classes = {
	};
	objectVersion = 50;
	objects = {

/* Begin PBXBuildFile section */
		D624F7B722CE6B2A00B41FF6 /* Mock.swift in Sources */ = {isa = PBXBuildFile; fileRef = D624F7B622CE6B2A00B41FF6 /* Mock.swift */; };
		D624F7BB22CE6F8400B41FF6 /* UserPlantCell.swift in Sources */ = {isa = PBXBuildFile; fileRef = D624F7B922CE6F8400B41FF6 /* UserPlantCell.swift */; };
		D624F7BC22CE6F8400B41FF6 /* UserPlantCell.xib in Resources */ = {isa = PBXBuildFile; fileRef = D624F7BA22CE6F8400B41FF6 /* UserPlantCell.xib */; };
		D624F7C022CE707C00B41FF6 /* SDWebImage.framework in Frameworks */ = {isa = PBXBuildFile; fileRef = D624F7BF22CE707C00B41FF6 /* SDWebImage.framework */; };
		D624F7C122CE707C00B41FF6 /* SDWebImage.framework in Embed Frameworks */ = {isa = PBXBuildFile; fileRef = D624F7BF22CE707C00B41FF6 /* SDWebImage.framework */; settings = {ATTRIBUTES = (CodeSignOnCopy, RemoveHeadersOnCopy, ); }; };
		D624F7C522CE738B00B41FF6 /* UserPlantDataController.swift in Sources */ = {isa = PBXBuildFile; fileRef = D624F7C422CE738B00B41FF6 /* UserPlantDataController.swift */; };
		D624F7C822CE73E700B41FF6 /* ControllerViewModel.swift in Sources */ = {isa = PBXBuildFile; fileRef = D624F7C722CE73E700B41FF6 /* ControllerViewModel.swift */; };
		D624F7CB22CE741600B41FF6 /* PaginationViewState.swift in Sources */ = {isa = PBXBuildFile; fileRef = D624F7CA22CE741600B41FF6 /* PaginationViewState.swift */; };
		D624F7CE22CE749800B41FF6 /* UserPlantDataSource.swift in Sources */ = {isa = PBXBuildFile; fileRef = D624F7CD22CE749800B41FF6 /* UserPlantDataSource.swift */; };
		D624F7D622CE767E00B41FF6 /* UICollectionView+Identifiable.swift in Sources */ = {isa = PBXBuildFile; fileRef = D624F7D222CE767E00B41FF6 /* UICollectionView+Identifiable.swift */; };
		D624F7D722CE767E00B41FF6 /* ClassIdentifiable.swift in Sources */ = {isa = PBXBuildFile; fileRef = D624F7D322CE767E00B41FF6 /* ClassIdentifiable.swift */; };
		D624F7D822CE767E00B41FF6 /* UITableView+Identifiable.swift in Sources */ = {isa = PBXBuildFile; fileRef = D624F7D422CE767E00B41FF6 /* UITableView+Identifiable.swift */; };
		D624F7D922CE767E00B41FF6 /* NibIdentifiable.swift in Sources */ = {isa = PBXBuildFile; fileRef = D624F7D522CE767E00B41FF6 /* NibIdentifiable.swift */; };
		D66BB68D22CE47AF006B4427 /* AppDelegate.swift in Sources */ = {isa = PBXBuildFile; fileRef = D66BB68C22CE47AF006B4427 /* AppDelegate.swift */; };
		D66BB68F22CE47AF006B4427 /* SceneDelegate.swift in Sources */ = {isa = PBXBuildFile; fileRef = D66BB68E22CE47AF006B4427 /* SceneDelegate.swift */; };
		D66BB69122CE47AF006B4427 /* PlantsOverviewVC.swift in Sources */ = {isa = PBXBuildFile; fileRef = D66BB69022CE47AF006B4427 /* PlantsOverviewVC.swift */; };
		D66BB69322CE47AF006B4427 /* SecondViewController.swift in Sources */ = {isa = PBXBuildFile; fileRef = D66BB69222CE47AF006B4427 /* SecondViewController.swift */; };
		D66BB69622CE47AF006B4427 /* Main.storyboard in Resources */ = {isa = PBXBuildFile; fileRef = D66BB69422CE47AF006B4427 /* Main.storyboard */; };
		D66BB69822CE47AF006B4427 /* Assets.xcassets in Resources */ = {isa = PBXBuildFile; fileRef = D66BB69722CE47AF006B4427 /* Assets.xcassets */; };
		D66BB69B22CE47AF006B4427 /* LaunchScreen.storyboard in Resources */ = {isa = PBXBuildFile; fileRef = D66BB69922CE47AF006B4427 /* LaunchScreen.storyboard */; };
		D66BB6A422CE47EC006B4427 /* Plant.swift in Sources */ = {isa = PBXBuildFile; fileRef = D66BB6A322CE47EC006B4427 /* Plant.swift */; };
/* End PBXBuildFile section */

/* Begin PBXCopyFilesBuildPhase section */
		D624F7C222CE707C00B41FF6 /* Embed Frameworks */ = {
			isa = PBXCopyFilesBuildPhase;
			buildActionMask = 2147483647;
			dstPath = "";
			dstSubfolderSpec = 10;
			files = (
				D624F7C122CE707C00B41FF6 /* SDWebImage.framework in Embed Frameworks */,
			);
			name = "Embed Frameworks";
			runOnlyForDeploymentPostprocessing = 0;
		};
/* End PBXCopyFilesBuildPhase section */

/* Begin PBXFileReference section */
		D624F7B622CE6B2A00B41FF6 /* Mock.swift */ = {isa = PBXFileReference; lastKnownFileType = sourcecode.swift; path = Mock.swift; sourceTree = "<group>"; };
		D624F7B922CE6F8400B41FF6 /* UserPlantCell.swift */ = {isa = PBXFileReference; lastKnownFileType = sourcecode.swift; path = UserPlantCell.swift; sourceTree = "<group>"; };
		D624F7BA22CE6F8400B41FF6 /* UserPlantCell.xib */ = {isa = PBXFileReference; lastKnownFileType = file.xib; path = UserPlantCell.xib; sourceTree = "<group>"; };
		D624F7BF22CE707C00B41FF6 /* SDWebImage.framework */ = {isa = PBXFileReference; lastKnownFileType = wrapper.framework; name = SDWebImage.framework; path = ../frameworks/Carthage/Build/iOS/SDWebImage.framework; sourceTree = "<group>"; };
		D624F7C422CE738B00B41FF6 /* UserPlantDataController.swift */ = {isa = PBXFileReference; lastKnownFileType = sourcecode.swift; path = UserPlantDataController.swift; sourceTree = "<group>"; };
		D624F7C722CE73E700B41FF6 /* ControllerViewModel.swift */ = {isa = PBXFileReference; lastKnownFileType = sourcecode.swift; path = ControllerViewModel.swift; sourceTree = "<group>"; };
		D624F7CA22CE741600B41FF6 /* PaginationViewState.swift */ = {isa = PBXFileReference; lastKnownFileType = sourcecode.swift; path = PaginationViewState.swift; sourceTree = "<group>"; };
		D624F7CD22CE749800B41FF6 /* UserPlantDataSource.swift */ = {isa = PBXFileReference; lastKnownFileType = sourcecode.swift; path = UserPlantDataSource.swift; sourceTree = "<group>"; };
		D624F7D222CE767E00B41FF6 /* UICollectionView+Identifiable.swift */ = {isa = PBXFileReference; fileEncoding = 4; lastKnownFileType = sourcecode.swift; path = "UICollectionView+Identifiable.swift"; sourceTree = "<group>"; };
		D624F7D322CE767E00B41FF6 /* ClassIdentifiable.swift */ = {isa = PBXFileReference; fileEncoding = 4; lastKnownFileType = sourcecode.swift; path = ClassIdentifiable.swift; sourceTree = "<group>"; };
		D624F7D422CE767E00B41FF6 /* UITableView+Identifiable.swift */ = {isa = PBXFileReference; fileEncoding = 4; lastKnownFileType = sourcecode.swift; path = "UITableView+Identifiable.swift"; sourceTree = "<group>"; };
		D624F7D522CE767E00B41FF6 /* NibIdentifiable.swift */ = {isa = PBXFileReference; fileEncoding = 4; lastKnownFileType = sourcecode.swift; path = NibIdentifiable.swift; sourceTree = "<group>"; };
		D66BB68922CE47AF006B4427 /* Planty.app */ = {isa = PBXFileReference; explicitFileType = wrapper.application; includeInIndex = 0; path = Planty.app; sourceTree = BUILT_PRODUCTS_DIR; };
		D66BB68C22CE47AF006B4427 /* AppDelegate.swift */ = {isa = PBXFileReference; lastKnownFileType = sourcecode.swift; path = AppDelegate.swift; sourceTree = "<group>"; };
		D66BB68E22CE47AF006B4427 /* SceneDelegate.swift */ = {isa = PBXFileReference; lastKnownFileType = sourcecode.swift; path = SceneDelegate.swift; sourceTree = "<group>"; };
		D66BB69022CE47AF006B4427 /* PlantsOverviewVC.swift */ = {isa = PBXFileReference; lastKnownFileType = sourcecode.swift; path = PlantsOverviewVC.swift; sourceTree = "<group>"; };
		D66BB69222CE47AF006B4427 /* SecondViewController.swift */ = {isa = PBXFileReference; lastKnownFileType = sourcecode.swift; path = SecondViewController.swift; sourceTree = "<group>"; };
		D66BB69522CE47AF006B4427 /* Base */ = {isa = PBXFileReference; lastKnownFileType = file.storyboard; name = Base; path = Base.lproj/Main.storyboard; sourceTree = "<group>"; };
		D66BB69722CE47AF006B4427 /* Assets.xcassets */ = {isa = PBXFileReference; lastKnownFileType = folder.assetcatalog; path = Assets.xcassets; sourceTree = "<group>"; };
		D66BB69A22CE47AF006B4427 /* Base */ = {isa = PBXFileReference; lastKnownFileType = file.storyboard; name = Base; path = Base.lproj/LaunchScreen.storyboard; sourceTree = "<group>"; };
		D66BB69C22CE47AF006B4427 /* Info.plist */ = {isa = PBXFileReference; lastKnownFileType = text.plist.xml; path = Info.plist; sourceTree = "<group>"; };
		D66BB6A322CE47EC006B4427 /* Plant.swift */ = {isa = PBXFileReference; lastKnownFileType = sourcecode.swift; path = Plant.swift; sourceTree = "<group>"; };
/* End PBXFileReference section */

/* Begin PBXFrameworksBuildPhase section */
		D66BB68622CE47AF006B4427 /* Frameworks */ = {
			isa = PBXFrameworksBuildPhase;
			buildActionMask = 2147483647;
			files = (
				D624F7C022CE707C00B41FF6 /* SDWebImage.framework in Frameworks */,
			);
			runOnlyForDeploymentPostprocessing = 0;
		};
/* End PBXFrameworksBuildPhase section */

/* Begin PBXGroup section */
		D624F7B522CE6B1F00B41FF6 /* Mock */ = {
			isa = PBXGroup;
			children = (
				D624F7B622CE6B2A00B41FF6 /* Mock.swift */,
			);
			path = Mock;
			sourceTree = "<group>";
		};
		D624F7B822CE6F5700B41FF6 /* Cells */ = {
			isa = PBXGroup;
			children = (
				D624F7B922CE6F8400B41FF6 /* UserPlantCell.swift */,
				D624F7BA22CE6F8400B41FF6 /* UserPlantCell.xib */,
			);
			path = Cells;
			sourceTree = "<group>";
		};
		D624F7BE22CE707C00B41FF6 /* Frameworks */ = {
			isa = PBXGroup;
			children = (
				D624F7BF22CE707C00B41FF6 /* SDWebImage.framework */,
			);
			name = Frameworks;
			sourceTree = "<group>";
		};
		D624F7C322CE737C00B41FF6 /* Controllers */ = {
			isa = PBXGroup;
			children = (
				D624F7C422CE738B00B41FF6 /* UserPlantDataController.swift */,
			);
			path = Controllers;
			sourceTree = "<group>";
		};
		D624F7C622CE73DC00B41FF6 /* ViewModel */ = {
			isa = PBXGroup;
			children = (
				D624F7C722CE73E700B41FF6 /* ControllerViewModel.swift */,
				D624F7CA22CE741600B41FF6 /* PaginationViewState.swift */,
			);
			path = ViewModel;
			sourceTree = "<group>";
		};
		D624F7CC22CE748900B41FF6 /* DataSource */ = {
			isa = PBXGroup;
			children = (
				D624F7CD22CE749800B41FF6 /* UserPlantDataSource.swift */,
			);
			path = DataSource;
			sourceTree = "<group>";
		};
		D624F7D122CE766800B41FF6 /* Identifiable */ = {
			isa = PBXGroup;
			children = (
				D624F7D322CE767E00B41FF6 /* ClassIdentifiable.swift */,
				D624F7D522CE767E00B41FF6 /* NibIdentifiable.swift */,
				D624F7D222CE767E00B41FF6 /* UICollectionView+Identifiable.swift */,
				D624F7D422CE767E00B41FF6 /* UITableView+Identifiable.swift */,
			);
			path = Identifiable;
			sourceTree = "<group>";
		};
		D66BB68022CE47AF006B4427 = {
			isa = PBXGroup;
			children = (
				D66BB68B22CE47AF006B4427 /* Planty */,
				D66BB68A22CE47AF006B4427 /* Products */,
				D624F7BE22CE707C00B41FF6 /* Frameworks */,
			);
			sourceTree = "<group>";
		};
		D66BB68A22CE47AF006B4427 /* Products */ = {
			isa = PBXGroup;
			children = (
				D66BB68922CE47AF006B4427 /* Planty.app */,
			);
			name = Products;
			sourceTree = "<group>";
		};
		D66BB68B22CE47AF006B4427 /* Planty */ = {
			isa = PBXGroup;
			children = (
				D624F7D122CE766800B41FF6 /* Identifiable */,
				D624F7CC22CE748900B41FF6 /* DataSource */,
				D624F7C622CE73DC00B41FF6 /* ViewModel */,
				D624F7C322CE737C00B41FF6 /* Controllers */,
				D624F7B822CE6F5700B41FF6 /* Cells */,
				D624F7B522CE6B1F00B41FF6 /* Mock */,
				D66BB6A522CE484E006B4427 /* ViewControllers */,
				D66BB6A222CE47D2006B4427 /* Model */,
				D66BB68C22CE47AF006B4427 /* AppDelegate.swift */,
				D66BB68E22CE47AF006B4427 /* SceneDelegate.swift */,
				D66BB69422CE47AF006B4427 /* Main.storyboard */,
				D66BB69722CE47AF006B4427 /* Assets.xcassets */,
				D66BB69922CE47AF006B4427 /* LaunchScreen.storyboard */,
				D66BB69C22CE47AF006B4427 /* Info.plist */,
			);
			path = Planty;
			sourceTree = "<group>";
		};
		D66BB6A222CE47D2006B4427 /* Model */ = {
			isa = PBXGroup;
			children = (
				D66BB6A322CE47EC006B4427 /* Plant.swift */,
			);
			path = Model;
			sourceTree = "<group>";
		};
		D66BB6A522CE484E006B4427 /* ViewControllers */ = {
			isa = PBXGroup;
			children = (
				D66BB69022CE47AF006B4427 /* PlantsOverviewVC.swift */,
				D66BB69222CE47AF006B4427 /* SecondViewController.swift */,
			);
			path = ViewControllers;
			sourceTree = "<group>";
		};
/* End PBXGroup section */

/* Begin PBXNativeTarget section */
		D66BB68822CE47AF006B4427 /* Planty */ = {
			isa = PBXNativeTarget;
			buildConfigurationList = D66BB69F22CE47AF006B4427 /* Build configuration list for PBXNativeTarget "Planty" */;
			buildPhases = (
				D66BB68522CE47AF006B4427 /* Sources */,
				D66BB68622CE47AF006B4427 /* Frameworks */,
				D66BB68722CE47AF006B4427 /* Resources */,
				D624F7BD22CE6FB400B41FF6 /* Carthage */,
				D624F7C222CE707C00B41FF6 /* Embed Frameworks */,
			);
			buildRules = (
			);
			dependencies = (
			);
			name = Planty;
			productName = Planty;
			productReference = D66BB68922CE47AF006B4427 /* Planty.app */;
			productType = "com.apple.product-type.application";
		};
/* End PBXNativeTarget section */

/* Begin PBXProject section */
		D66BB68122CE47AF006B4427 /* Project object */ = {
			isa = PBXProject;
			attributes = {
				LastSwiftUpdateCheck = 1100;
				LastUpgradeCheck = 1100;
				ORGANIZATIONNAME = "Arsatius Regler";
				TargetAttributes = {
					D66BB68822CE47AF006B4427 = {
						CreatedOnToolsVersion = 11.0;
					};
				};
			};
			buildConfigurationList = D66BB68422CE47AF006B4427 /* Build configuration list for PBXProject "Planty" */;
			compatibilityVersion = "Xcode 9.3";
			developmentRegion = en;
			hasScannedForEncodings = 0;
			knownRegions = (
				en,
				Base,
			);
			mainGroup = D66BB68022CE47AF006B4427;
			productRefGroup = D66BB68A22CE47AF006B4427 /* Products */;
			projectDirPath = "";
			projectRoot = "";
			targets = (
				D66BB68822CE47AF006B4427 /* Planty */,
			);
		};
/* End PBXProject section */

/* Begin PBXResourcesBuildPhase section */
		D66BB68722CE47AF006B4427 /* Resources */ = {
			isa = PBXResourcesBuildPhase;
			buildActionMask = 2147483647;
			files = (
				D624F7BC22CE6F8400B41FF6 /* UserPlantCell.xib in Resources */,
				D66BB69B22CE47AF006B4427 /* LaunchScreen.storyboard in Resources */,
				D66BB69822CE47AF006B4427 /* Assets.xcassets in Resources */,
				D66BB69622CE47AF006B4427 /* Main.storyboard in Resources */,
			);
			runOnlyForDeploymentPostprocessing = 0;
		};
/* End PBXResourcesBuildPhase section */

/* Begin PBXShellScriptBuildPhase section */
		D624F7BD22CE6FB400B41FF6 /* Carthage */ = {
			isa = PBXShellScriptBuildPhase;
			buildActionMask = 2147483647;
			files = (
			);
			inputFileListPaths = (
			);
			inputPaths = (
				"$(SRCROOT)/../frameworks/Carthage/Build/iOS/SDWebImage.framework",
			);
			name = Carthage;
			outputFileListPaths = (
			);
			outputPaths = (
			);
			runOnlyForDeploymentPostprocessing = 0;
			shellPath = /bin/sh;
			shellScript = "/usr/local/bin/carthage copy-frameworks\n";
		};
/* End PBXShellScriptBuildPhase section */

/* Begin PBXSourcesBuildPhase section */
		D66BB68522CE47AF006B4427 /* Sources */ = {
			isa = PBXSourcesBuildPhase;
			buildActionMask = 2147483647;
			files = (
				D624F7CB22CE741600B41FF6 /* PaginationViewState.swift in Sources */,
				D66BB69322CE47AF006B4427 /* SecondViewController.swift in Sources */,
				D66BB69122CE47AF006B4427 /* PlantsOverviewVC.swift in Sources */,
				D624F7D822CE767E00B41FF6 /* UITableView+Identifiable.swift in Sources */,
				D66BB6A422CE47EC006B4427 /* Plant.swift in Sources */,
				D66BB68D22CE47AF006B4427 /* AppDelegate.swift in Sources */,
				D624F7C522CE738B00B41FF6 /* UserPlantDataController.swift in Sources */,
				D624F7C822CE73E700B41FF6 /* ControllerViewModel.swift in Sources */,
				D66BB68F22CE47AF006B4427 /* SceneDelegate.swift in Sources */,
				D624F7BB22CE6F8400B41FF6 /* UserPlantCell.swift in Sources */,
				D624F7B722CE6B2A00B41FF6 /* Mock.swift in Sources */,
				D624F7D622CE767E00B41FF6 /* UICollectionView+Identifiable.swift in Sources */,
				D624F7D922CE767E00B41FF6 /* NibIdentifiable.swift in Sources */,
				D624F7CE22CE749800B41FF6 /* UserPlantDataSource.swift in Sources */,
				D624F7D722CE767E00B41FF6 /* ClassIdentifiable.swift in Sources */,
			);
			runOnlyForDeploymentPostprocessing = 0;
		};
/* End PBXSourcesBuildPhase section */

/* Begin PBXVariantGroup section */
		D66BB69422CE47AF006B4427 /* Main.storyboard */ = {
			isa = PBXVariantGroup;
			children = (
				D66BB69522CE47AF006B4427 /* Base */,
			);
			name = Main.storyboard;
			sourceTree = "<group>";
		};
		D66BB69922CE47AF006B4427 /* LaunchScreen.storyboard */ = {
			isa = PBXVariantGroup;
			children = (
				D66BB69A22CE47AF006B4427 /* Base */,
			);
			name = LaunchScreen.storyboard;
			sourceTree = "<group>";
		};
/* End PBXVariantGroup section */

/* Begin XCBuildConfiguration section */
		D66BB69D22CE47AF006B4427 /* Debug */ = {
			isa = XCBuildConfiguration;
			buildSettings = {
				ALWAYS_SEARCH_USER_PATHS = NO;
				CLANG_ANALYZER_NONNULL = YES;
				CLANG_ANALYZER_NUMBER_OBJECT_CONVERSION = YES_AGGRESSIVE;
				CLANG_CXX_LANGUAGE_STANDARD = "gnu++14";
				CLANG_CXX_LIBRARY = "libc++";
				CLANG_ENABLE_MODULES = YES;
				CLANG_ENABLE_OBJC_ARC = YES;
				CLANG_ENABLE_OBJC_WEAK = YES;
				CLANG_WARN_BLOCK_CAPTURE_AUTORELEASING = YES;
				CLANG_WARN_BOOL_CONVERSION = YES;
				CLANG_WARN_COMMA = YES;
				CLANG_WARN_CONSTANT_CONVERSION = YES;
				CLANG_WARN_DEPRECATED_OBJC_IMPLEMENTATIONS = YES;
				CLANG_WARN_DIRECT_OBJC_ISA_USAGE = YES_ERROR;
				CLANG_WARN_DOCUMENTATION_COMMENTS = YES;
				CLANG_WARN_EMPTY_BODY = YES;
				CLANG_WARN_ENUM_CONVERSION = YES;
				CLANG_WARN_INFINITE_RECURSION = YES;
				CLANG_WARN_INT_CONVERSION = YES;
				CLANG_WARN_NON_LITERAL_NULL_CONVERSION = YES;
				CLANG_WARN_OBJC_IMPLICIT_RETAIN_SELF = YES;
				CLANG_WARN_OBJC_LITERAL_CONVERSION = YES;
				CLANG_WARN_OBJC_ROOT_CLASS = YES_ERROR;
				CLANG_WARN_RANGE_LOOP_ANALYSIS = YES;
				CLANG_WARN_STRICT_PROTOTYPES = YES;
				CLANG_WARN_SUSPICIOUS_MOVE = YES;
				CLANG_WARN_UNGUARDED_AVAILABILITY = YES_AGGRESSIVE;
				CLANG_WARN_UNREACHABLE_CODE = YES;
				CLANG_WARN__DUPLICATE_METHOD_MATCH = YES;
				COPY_PHASE_STRIP = NO;
				DEBUG_INFORMATION_FORMAT = dwarf;
				ENABLE_STRICT_OBJC_MSGSEND = YES;
				ENABLE_TESTABILITY = YES;
				GCC_C_LANGUAGE_STANDARD = gnu11;
				GCC_DYNAMIC_NO_PIC = NO;
				GCC_NO_COMMON_BLOCKS = YES;
				GCC_OPTIMIZATION_LEVEL = 0;
				GCC_PREPROCESSOR_DEFINITIONS = (
					"DEBUG=1",
					"$(inherited)",
				);
				GCC_WARN_64_TO_32_BIT_CONVERSION = YES;
				GCC_WARN_ABOUT_RETURN_TYPE = YES_ERROR;
				GCC_WARN_UNDECLARED_SELECTOR = YES;
				GCC_WARN_UNINITIALIZED_AUTOS = YES_AGGRESSIVE;
				GCC_WARN_UNUSED_FUNCTION = YES;
				GCC_WARN_UNUSED_VARIABLE = YES;
				IPHONEOS_DEPLOYMENT_TARGET = 13.0;
				MTL_ENABLE_DEBUG_INFO = INCLUDE_SOURCE;
				MTL_FAST_MATH = YES;
				ONLY_ACTIVE_ARCH = YES;
				SDKROOT = iphoneos;
				SWIFT_ACTIVE_COMPILATION_CONDITIONS = DEBUG;
				SWIFT_OPTIMIZATION_LEVEL = "-Onone";
			};
			name = Debug;
		};
		D66BB69E22CE47AF006B4427 /* Release */ = {
			isa = XCBuildConfiguration;
			buildSettings = {
				ALWAYS_SEARCH_USER_PATHS = NO;
				CLANG_ANALYZER_NONNULL = YES;
				CLANG_ANALYZER_NUMBER_OBJECT_CONVERSION = YES_AGGRESSIVE;
				CLANG_CXX_LANGUAGE_STANDARD = "gnu++14";
				CLANG_CXX_LIBRARY = "libc++";
				CLANG_ENABLE_MODULES = YES;
				CLANG_ENABLE_OBJC_ARC = YES;
				CLANG_ENABLE_OBJC_WEAK = YES;
				CLANG_WARN_BLOCK_CAPTURE_AUTORELEASING = YES;
				CLANG_WARN_BOOL_CONVERSION = YES;
				CLANG_WARN_COMMA = YES;
				CLANG_WARN_CONSTANT_CONVERSION = YES;
				CLANG_WARN_DEPRECATED_OBJC_IMPLEMENTATIONS = YES;
				CLANG_WARN_DIRECT_OBJC_ISA_USAGE = YES_ERROR;
				CLANG_WARN_DOCUMENTATION_COMMENTS = YES;
				CLANG_WARN_EMPTY_BODY = YES;
				CLANG_WARN_ENUM_CONVERSION = YES;
				CLANG_WARN_INFINITE_RECURSION = YES;
				CLANG_WARN_INT_CONVERSION = YES;
				CLANG_WARN_NON_LITERAL_NULL_CONVERSION = YES;
				CLANG_WARN_OBJC_IMPLICIT_RETAIN_SELF = YES;
				CLANG_WARN_OBJC_LITERAL_CONVERSION = YES;
				CLANG_WARN_OBJC_ROOT_CLASS = YES_ERROR;
				CLANG_WARN_RANGE_LOOP_ANALYSIS = YES;
				CLANG_WARN_STRICT_PROTOTYPES = YES;
				CLANG_WARN_SUSPICIOUS_MOVE = YES;
				CLANG_WARN_UNGUARDED_AVAILABILITY = YES_AGGRESSIVE;
				CLANG_WARN_UNREACHABLE_CODE = YES;
				CLANG_WARN__DUPLICATE_METHOD_MATCH = YES;
				COPY_PHASE_STRIP = NO;
				DEBUG_INFORMATION_FORMAT = "dwarf-with-dsym";
				ENABLE_NS_ASSERTIONS = NO;
				ENABLE_STRICT_OBJC_MSGSEND = YES;
				GCC_C_LANGUAGE_STANDARD = gnu11;
				GCC_NO_COMMON_BLOCKS = YES;
				GCC_WARN_64_TO_32_BIT_CONVERSION = YES;
				GCC_WARN_ABOUT_RETURN_TYPE = YES_ERROR;
				GCC_WARN_UNDECLARED_SELECTOR = YES;
				GCC_WARN_UNINITIALIZED_AUTOS = YES_AGGRESSIVE;
				GCC_WARN_UNUSED_FUNCTION = YES;
				GCC_WARN_UNUSED_VARIABLE = YES;
				IPHONEOS_DEPLOYMENT_TARGET = 13.0;
				MTL_ENABLE_DEBUG_INFO = NO;
				MTL_FAST_MATH = YES;
				SDKROOT = iphoneos;
				SWIFT_COMPILATION_MODE = wholemodule;
				SWIFT_OPTIMIZATION_LEVEL = "-O";
				VALIDATE_PRODUCT = YES;
			};
			name = Release;
		};
		D66BB6A022CE47AF006B4427 /* Debug */ = {
			isa = XCBuildConfiguration;
			buildSettings = {
				ASSETCATALOG_COMPILER_APPICON_NAME = AppIcon;
				CODE_SIGN_STYLE = Automatic;
				FRAMEWORK_SEARCH_PATHS = "\"$(SRCROOT)/../frameworks/Carthage/Build/iOS\"";
				INFOPLIST_FILE = Planty/Info.plist;
				LD_RUNPATH_SEARCH_PATHS = (
					"$(inherited)",
					"@executable_path/Frameworks",
				);
				PRODUCT_BUNDLE_IDENTIFIER = de.br.Planty;
				PRODUCT_NAME = "$(TARGET_NAME)";
				SWIFT_VERSION = 5.0;
				TARGETED_DEVICE_FAMILY = "1,2";
			};
			name = Debug;
		};
		D66BB6A122CE47AF006B4427 /* Release */ = {
			isa = XCBuildConfiguration;
			buildSettings = {
				ASSETCATALOG_COMPILER_APPICON_NAME = AppIcon;
				CODE_SIGN_STYLE = Automatic;
				FRAMEWORK_SEARCH_PATHS = "\"$(SRCROOT)/../frameworks/Carthage/Build/iOS\"";
				INFOPLIST_FILE = Planty/Info.plist;
				LD_RUNPATH_SEARCH_PATHS = (
					"$(inherited)",
					"@executable_path/Frameworks",
				);
				PRODUCT_BUNDLE_IDENTIFIER = de.br.Planty;
				PRODUCT_NAME = "$(TARGET_NAME)";
				SWIFT_VERSION = 5.0;
				TARGETED_DEVICE_FAMILY = "1,2";
			};
			name = Release;
		};
/* End XCBuildConfiguration section */

/* Begin XCConfigurationList section */
		D66BB68422CE47AF006B4427 /* Build configuration list for PBXProject "Planty" */ = {
			isa = XCConfigurationList;
			buildConfigurations = (
				D66BB69D22CE47AF006B4427 /* Debug */,
				D66BB69E22CE47AF006B4427 /* Release */,
			);
			defaultConfigurationIsVisible = 0;
			defaultConfigurationName = Release;
		};
		D66BB69F22CE47AF006B4427 /* Build configuration list for PBXNativeTarget "Planty" */ = {
			isa = XCConfigurationList;
			buildConfigurations = (
				D66BB6A022CE47AF006B4427 /* Debug */,
				D66BB6A122CE47AF006B4427 /* Release */,
			);
			defaultConfigurationIsVisible = 0;
			defaultConfigurationName = Release;
		};
/* End XCConfigurationList section */
	};
	rootObject = D66BB68122CE47AF006B4427 /* Project object */;
}
